[[package]]
name = "certifi"
version = "2019.6.16"
description = "Python package for providing Mozilla's CA Bundle."
category = "main"
optional = false
python-versions = "*"

[[package]]
name = "chardet"
version = "3.0.4"
description = "Universal encoding detector for Python 2 and 3"
category = "main"
optional = false
python-versions = "*"

[[package]]
name = "colorama"
version = "0.4.5"
description = "Cross-platform colored terminal text."
category = "main"
optional = false
python-versions = ">=2.7, !=3.0.*, !=3.1.*, !=3.2.*, !=3.3.*, !=3.4.*"

[[package]]
name = "distlib"
version = "0.3.5"
description = "Distribution utilities"
category = "main"
optional = false
python-versions = "*"

[[package]]
name = "django"
version = "2.2.28"
description = "A high-level Python Web framework that encourages rapid development and clean, pragmatic design."
category = "dev"
optional = false
python-versions = ">=3.5"

[package.dependencies]
pytz = "*"
sqlparse = ">=0.2.2"

[package.extras]
bcrypt = ["bcrypt"]
argon2 = ["argon2-cffi (>=16.1.0)"]

[[package]]
name = "docker"
version = "4.0.2"
description = "A Python library for the Docker Engine API."
category = "main"
optional = false
python-versions = ">=2.7, !=3.0.*, !=3.1.*, !=3.2.*, !=3.3.*, !=3.4.*"

[package.dependencies]
pypiwin32 = {version = "223", markers = "sys_platform == \"win32\" and python_version >= \"3.6\""}
requests = ">=2.14.2,<2.18.0 || >2.18.0"
six = ">=1.4.0"
websocket-client = ">=0.32.0"

[package.extras]
tls = ["idna (>=2.0.0)", "cryptography (>=1.3.4)", "pyOpenSSL (>=17.5.0)"]
ssh = ["paramiko (>=2.4.2)"]

[[package]]
name = "filelock"
version = "3.4.1"
description = "A platform independent file lock."
category = "main"
optional = false
python-versions = ">=3.6"

[package.extras]
docs = ["furo (>=2021.8.17b43)", "sphinx (>=4.1)", "sphinx-autodoc-typehints (>=1.12)"]
testing = ["covdefaults (>=1.2.0)", "coverage (>=4)", "pytest (>=4)", "pytest-cov", "pytest-timeout (>=1.4.2)"]

[[package]]
name = "idna"
version = "2.8"
description = "Internationalized Domain Names in Applications (IDNA)"
category = "main"
optional = false
python-versions = ">=2.7, !=3.0.*, !=3.1.*, !=3.2.*, !=3.3.*"

[[package]]
name = "importlib-metadata"
version = "1.7.0"
description = "Read metadata from Python packages"
category = "main"
optional = false
python-versions = "!=3.0.*,!=3.1.*,!=3.2.*,!=3.3.*,!=3.4.*,>=2.7"

[package.dependencies]
zipp = ">=0.5"

[package.extras]
testing = ["importlib-resources (>=1.3)", "pep517", "packaging"]
docs = ["rst.linker", "sphinx"]

[[package]]
name = "importlib-resources"
version = "5.4.0"
description = "Read resources from Python packages"
category = "main"
optional = false
python-versions = ">=3.6"

[package.dependencies]
zipp = {version = ">=3.1.0", markers = "python_version < \"3.10\""}

[package.extras]
docs = ["sphinx", "jaraco.packaging (>=8.2)", "rst.linker (>=1.9)"]
testing = ["pytest (>=6)", "pytest-checkdocs (>=2.4)", "pytest-flake8", "pytest-cov", "pytest-enabler (>=1.0.1)", "pytest-black (>=0.3.7)", "pytest-mypy"]

[[package]]
name = "packaging"
version = "21.3"
description = "Core utilities for Python packages"
category = "main"
optional = false
python-versions = ">=3.6"

[package.dependencies]
pyparsing = ">=2.0.2,<3.0.5 || >3.0.5"

[[package]]
name = "platformdirs"
version = "2.4.0"
description = "A small Python module for determining appropriate platform-specific dirs, e.g. a \"user data dir\"."
category = "main"
optional = false
python-versions = ">=3.6"

[package.extras]
test = ["pytest-mock (>=3.6)", "pytest-cov (>=2.7)", "pytest (>=6)", "appdirs (==1.4.4)"]
docs = ["sphinx-autodoc-typehints (>=1.12)", "proselint (>=0.10.2)", "furo (>=2021.7.5b38)", "Sphinx (>=4)"]

[[package]]
name = "pluggy"
version = "0.13.1"
description = "plugin and hook calling mechanisms for python"
category = "main"
optional = false
python-versions = ">=2.7, !=3.0.*, !=3.1.*, !=3.2.*, !=3.3.*"

[package.dependencies]
importlib-metadata = {version = ">=0.12", markers = "python_version < \"3.8\""}

[package.extras]
dev = ["tox", "pre-commit"]

[[package]]
name = "py"
version = "1.11.0"
description = "library with cross-python path, ini-parsing, io, code, log facilities"
category = "main"
optional = false
python-versions = ">=2.7, !=3.0.*, !=3.1.*, !=3.2.*, !=3.3.*, !=3.4.*"

[[package]]
name = "pyparsing"
version = "3.0.7"
description = "Python parsing module"
category = "main"
optional = false
python-versions = ">=3.6"

[package.extras]
diagrams = ["railroad-diagrams", "jinja2"]

[[package]]
name = "pypiwin32"
version = "223"
description = ""
category = "main"
optional = false
python-versions = "*"

[package.dependencies]
pywin32 = ">=223"

[[package]]
name = "pytz"
version = "2019.1"
description = "World timezone definitions, modern and historical"
category = "dev"
optional = false
python-versions = "*"

[[package]]
name = "pywin32"
version = "224"
description = "Python for Window Extensions"
category = "main"
optional = false
python-versions = "*"

[[package]]
name = "requests"
version = "2.22.0"
description = "Python HTTP for Humans."
category = "main"
optional = false
python-versions = ">=2.7, !=3.0.*, !=3.1.*, !=3.2.*, !=3.3.*, !=3.4.*"

[package.dependencies]
certifi = ">=2017.4.17"
chardet = ">=3.0.2,<3.1.0"
idna = ">=2.5,<2.9"
urllib3 = ">=1.21.1,<1.25.0 || >1.25.0,<1.25.1 || >1.25.1,<1.26"

[package.extras]
socks = ["win-inet-pton", "PySocks (>=1.5.6,!=1.5.7)"]
security = ["idna (>=2.0.0)", "cryptography (>=1.3.4)", "pyOpenSSL (>=0.14)"]

[[package]]
name = "six"
version = "1.12.0"
description = "Python 2 and 3 compatibility utilities"
category = "main"
optional = false
python-versions = ">=2.6, !=3.0.*, !=3.1.*"

[[package]]
name = "sqlparse"
version = "0.3.0"
description = "Non-validating SQL parser"
category = "dev"
optional = false
python-versions = ">=2.7, !=3.0.*, !=3.1.*, !=3.2.*, !=3.3.*"

[[package]]
name = "toml"
version = "0.10.2"
description = "Python Library for Tom's Obvious, Minimal Language"
category = "main"
optional = false
python-versions = ">=2.6, !=3.0.*, !=3.1.*, !=3.2.*"

[[package]]
name = "tox"
version = "3.14.3"
description = "tox is a generic virtualenv management and test command line tool"
category = "main"
optional = false
python-versions = "!=3.0.*,!=3.1.*,!=3.2.*,!=3.3.*,!=3.4.*,>=2.7"

[package.dependencies]
colorama = {version = ">=0.4.1", markers = "platform_system == \"Windows\""}
filelock = ">=3.0.0,<4"
importlib-metadata = {version = ">=0.12,<2", markers = "python_version < \"3.8\""}
packaging = ">=14"
pluggy = ">=0.12.0,<1"
py = ">=1.4.17,<2"
six = ">=1.0.0,<2"
toml = ">=0.9.4"
virtualenv = ">=16.0.0"

[package.extras]
testing = ["psutil (>=5.6.1,<6)", "flaky (>=3.4.0,<4)", "pytest-randomly (>=1.0.0,<4)", "pytest-xdist (>=1.22.2,<2)", "pytest-mock (>=1.10.0,<2)", "pytest-cov (>=2.5.1,<3)", "pytest (>=4.0.0,<6)", "pathlib2 (>=2.3.3,<3)", "freezegun (>=0.3.11,<1)"]
docs = ["sphinxcontrib-autoprogram (>=0.1.5)", "pygments-github-lexers (>=0.0.5)", "towncrier (>=18.5.0)", "sphinx (>=2.0.0,<3)"]

[[package]]
name = "tox-pyenv"
version = "1.1.0"
description = "tox plugin that makes tox use `pyenv which` to find python executables"
category = "main"
optional = false
python-versions = "*"

[package.dependencies]
tox = ">=2.0"

[[package]]
name = "urllib3"
version = "1.25.3"
description = "HTTP library with thread-safe connection pooling, file post, and more."
category = "main"
optional = false
python-versions = ">=2.7, !=3.0.*, !=3.1.*, !=3.2.*, !=3.3.*, <4"

[package.extras]
brotli = ["brotlipy (>=0.6.0)"]
secure = ["pyOpenSSL (>=0.14)", "cryptography (>=1.3.4)", "idna (>=2.0.0)", "certifi", "ipaddress"]
socks = ["PySocks (>=1.5.6,!=1.5.7,<2.0)"]

[[package]]
name = "virtualenv"
version = "20.16.2"
description = "Virtual Python Environment builder"
category = "main"
optional = false
python-versions = ">=3.6"

[package.dependencies]
distlib = ">=0.3.1,<1"
filelock = ">=3.2,<4"
importlib-metadata = {version = ">=0.12", markers = "python_version < \"3.8\""}
importlib-resources = {version = ">=1.0", markers = "python_version < \"3.7\""}
platformdirs = ">=2,<3"

[package.extras]
testing = ["pytest-timeout (>=1)", "pytest-randomly (>=1)", "pytest-mock (>=2)", "pytest-freezegun (>=0.4.1)", "pytest-env (>=0.6.2)", "pytest (>=4)", "packaging (>=20.0)", "flaky (>=3)", "coverage-enable-subprocess (>=1)", "coverage (>=4)"]
docs = ["towncrier (>=21.3)", "sphinx-rtd-theme (>=0.4.3)", "sphinx-argparse (>=0.2.5)", "sphinx (>=3)", "proselint (>=0.10.2)"]

[[package]]
name = "websocket-client"
version = "0.56.0"
description = "WebSocket client for Python. hybi13 is supported."
category = "main"
optional = false
python-versions = ">=2.6, !=3.0.*, !=3.1.*, !=3.2.*, !=3.3.*"

[package.dependencies]
six = "*"

[[package]]
name = "zipp"
version = "3.6.0"
description = "Backport of pathlib-compatible object wrapper for zip files"
category = "main"
optional = false
python-versions = ">=3.6"

[package.extras]
testing = ["pytest-mypy", "pytest-black (>=0.3.7)", "func-timeout", "jaraco.itertools", "pytest-enabler (>=1.0.1)", "pytest-cov", "pytest-flake8", "pytest-checkdocs (>=2.4)", "pytest (>=4.6)"]
docs = ["rst.linker (>=1.9)", "jaraco.packaging (>=8.2)", "sphinx"]

[metadata]
lock-version = "1.1"
python-versions = "^3.6"
content-hash = "a99feb8d9cb106739272d79c0d37bfc0548832a38bd7aff6652d1b076bb25ba8"

[metadata.files]
certifi = [
    {file = "certifi-2019.6.16-py2.py3-none-any.whl", hash = "sha256:046832c04d4e752f37383b628bc601a7ea7211496b4638f6514d0e5b9acc4939"},
    {file = "certifi-2019.6.16.tar.gz", hash = "sha256:945e3ba63a0b9f577b1395204e13c3a231f9bc0223888be653286534e5873695"},
]
chardet = [
    {file = "chardet-3.0.4-py2.py3-none-any.whl", hash = "sha256:fc323ffcaeaed0e0a02bf4d117757b98aed530d9ed4531e3e15460124c106691"},
    {file = "chardet-3.0.4.tar.gz", hash = "sha256:84ab92ed1c4d4f16916e05906b6b75a6c0fb5db821cc65e70cbd64a3e2a5eaae"},
]
colorama = [
    {file = "colorama-0.4.5-py2.py3-none-any.whl", hash = "sha256:854bf444933e37f5824ae7bfc1e98d5bce2ebe4160d46b5edf346a89358e99da"},
    {file = "colorama-0.4.5.tar.gz", hash = "sha256:e6c6b4334fc50988a639d9b98aa429a0b57da6e17b9a44f0451f930b6967b7a4"},
]
distlib = [
    {file = "distlib-0.3.5-py2.py3-none-any.whl", hash = "sha256:b710088c59f06338ca514800ad795a132da19fda270e3ce4affc74abf955a26c"},
    {file = "distlib-0.3.5.tar.gz", hash = "sha256:a7f75737c70be3b25e2bee06288cec4e4c221de18455b2dd037fe2a795cab2fe"},
]
django = [
    {file = "Django-2.2.28-py3-none-any.whl", hash = "sha256:365429d07c1336eb42ba15aa79f45e1c13a0b04d5c21569e7d596696418a6a45"},
    {file = "Django-2.2.28.tar.gz", hash = "sha256:0200b657afbf1bc08003845ddda053c7641b9b24951e52acd51f6abda33a7413"},
]
docker = [
    {file = "docker-4.0.2-py2.py3-none-any.whl", hash = "sha256:acf51b5e3e0d056925c3b780067a6f753c915fffaa46c5f2d79eb0fc1cbe6a01"},
    {file = "docker-4.0.2.tar.gz", hash = "sha256:cc5b2e94af6a2b1e1ed9d7dcbdc77eff56c36081757baf9ada6e878ea0213164"},
]
filelock = [
    {file = "filelock-3.4.1-py3-none-any.whl", hash = "sha256:a4bc51381e01502a30e9f06dd4fa19a1712eab852b6fb0f84fd7cce0793d8ca3"},
    {file = "filelock-3.4.1.tar.gz", hash = "sha256:0f12f552b42b5bf60dba233710bf71337d35494fc8bdd4fd6d9f6d082ad45e06"},
]
idna = [
    {file = "idna-2.8-py2.py3-none-any.whl", hash = "sha256:ea8b7f6188e6fa117537c3df7da9fc686d485087abf6ac197f9c46432f7e4a3c"},
    {file = "idna-2.8.tar.gz", hash = "sha256:c357b3f628cf53ae2c4c05627ecc484553142ca23264e593d327bcde5e9c3407"},
]
importlib-metadata = [
    {file = "importlib_metadata-1.7.0-py2.py3-none-any.whl", hash = "sha256:dc15b2969b4ce36305c51eebe62d418ac7791e9a157911d58bfb1f9ccd8e2070"},
    {file = "importlib_metadata-1.7.0.tar.gz", hash = "sha256:90bb658cdbbf6d1735b6341ce708fc7024a3e14e99ffdc5783edea9f9b077f83"},
]
importlib-resources = [
    {file = "importlib_resources-5.4.0-py3-none-any.whl", hash = "sha256:33a95faed5fc19b4bc16b29a6eeae248a3fe69dd55d4d229d2b480e23eeaad45"},
    {file = "importlib_resources-5.4.0.tar.gz", hash = "sha256:d756e2f85dd4de2ba89be0b21dba2a3bbec2e871a42a3a16719258a11f87506b"},
]
packaging = [
    {file = "packaging-21.3-py3-none-any.whl", hash = "sha256:ef103e05f519cdc783ae24ea4e2e0f508a9c99b2d4969652eed6a2e1ea5bd522"},
    {file = "packaging-21.3.tar.gz", hash = "sha256:dd47c42927d89ab911e606518907cc2d3a1f38bbd026385970643f9c5b8ecfeb"},
]
platformdirs = [
    {file = "platformdirs-2.4.0-py3-none-any.whl", hash = "sha256:8868bbe3c3c80d42f20156f22e7131d2fb321f5bc86a2a345375c6481a67021d"},
    {file = "platformdirs-2.4.0.tar.gz", hash = "sha256:367a5e80b3d04d2428ffa76d33f124cf11e8fff2acdaa9b43d545f5c7d661ef2"},
]
pluggy = [
    {file = "pluggy-0.13.1-py2.py3-none-any.whl", hash = "sha256:966c145cd83c96502c3c3868f50408687b38434af77734af1e9ca461a4081d2d"},
    {file = "pluggy-0.13.1.tar.gz", hash = "sha256:15b2acde666561e1298d71b523007ed7364de07029219b604cf808bfa1c765b0"},
]
py = [
    {file = "py-1.11.0-py2.py3-none-any.whl", hash = "sha256:607c53218732647dff4acdfcd50cb62615cedf612e72d1724fb1a0cc6405b378"},
    {file = "py-1.11.0.tar.gz", hash = "sha256:51c75c4126074b472f746a24399ad32f6053d1b34b68d2fa41e558e6f4a98719"},
]
pyparsing = [
    {file = "pyparsing-3.0.7-py3-none-any.whl", hash = "sha256:a6c06a88f252e6c322f65faf8f418b16213b51bdfaece0524c1c1bc30c63c484"},
    {file = "pyparsing-3.0.7.tar.gz", hash = "sha256:18ee9022775d270c55187733956460083db60b37d0d0fb357445f3094eed3eea"},
]
pypiwin32 = [
    {file = "pypiwin32-223-py3-none-any.whl", hash = "sha256:67adf399debc1d5d14dffc1ab5acacb800da569754fafdc576b2a039485aa775"},
    {file = "pypiwin32-223.tar.gz", hash = "sha256:71be40c1fbd28594214ecaecb58e7aa8b708eabfa0125c8a109ebd51edbd776a"},
]
pytz = [
    {file = "pytz-2019.1-py2.py3-none-any.whl", hash = "sha256:303879e36b721603cc54604edcac9d20401bdbe31e1e4fdee5b9f98d5d31dfda"},
    {file = "pytz-2019.1.tar.gz", hash = "sha256:d747dd3d23d77ef44c6a3526e274af6efeb0a6f1afd5a69ba4d5be4098c8e141"},
]
pywin32 = [
    {file = "pywin32-224-cp27-cp27m-win32.whl", hash = "sha256:6852ceac5fdd7a146b570655c37d9eacd520ed1eaeec051ff41c6fc94243d8bf"},
    {file = "pywin32-224-cp27-cp27m-win_amd64.whl", hash = "sha256:6dbc4219fe45ece6a0cc6baafe0105604fdee551b5e876dc475d3955b77190ec"},
    {file = "pywin32-224-cp35-cp35m-win32.whl", hash = "sha256:9bd07746ce7f2198021a9fa187fa80df7b221ec5e4c234ab6f00ea355a3baf99"},
    {file = "pywin32-224-cp35-cp35m-win_amd64.whl", hash = "sha256:5f265d72588806e134c8e1ede8561739071626ea4cc25c12d526aa7b82416ae5"},
    {file = "pywin32-224-cp36-cp36m-win32.whl", hash = "sha256:32b37abafbfeddb0fe718008d6aada5a71efa2874f068bee1f9e703983dcc49a"},
    {file = "pywin32-224-cp36-cp36m-win_amd64.whl", hash = "sha256:35451edb44162d2f603b5b18bd427bc88fcbc74849eaa7a7e7cfe0f507e5c0c8"},
    {file = "pywin32-224-cp37-cp37m-win32.whl", hash = "sha256:22e218832a54ed206452c8f3ca9eff07ef327f8e597569a4c2828be5eaa09a77"},
    {file = "pywin32-224-cp37-cp37m-win_amd64.whl", hash = "sha256:4eda2e1e50faa706ff8226195b84fbcbd542b08c842a9b15e303589f85bfb41c"},
]
requests = [
    {file = "requests-2.22.0-py2.py3-none-any.whl", hash = "sha256:9cf5292fcd0f598c671cfc1e0d7d1a7f13bb8085e9a590f48c010551dc6c4b31"},
    {file = "requests-2.22.0.tar.gz", hash = "sha256:11e007a8a2aa0323f5a921e9e6a2d7e4e67d9877e85773fba9ba6419025cbeb4"},
]
six = [
    {file = "six-1.12.0-py2.py3-none-any.whl", hash = "sha256:3350809f0555b11f552448330d0b52d5f24c91a322ea4a15ef22629740f3761c"},
    {file = "six-1.12.0.tar.gz", hash = "sha256:d16a0141ec1a18405cd4ce8b4613101da75da0e9a7aec5bdd4fa804d0e0eba73"},
]
sqlparse = [
    {file = "sqlparse-0.3.0-py2.py3-none-any.whl", hash = "sha256:40afe6b8d4b1117e7dff5504d7a8ce07d9a1b15aeeade8a2d10f130a834f8177"},
    {file = "sqlparse-0.3.0.tar.gz", hash = "sha256:7c3dca29c022744e95b547e867cee89f4fce4373f3549ccd8797d8eb52cdb873"},
]
toml = [
    {file = "toml-0.10.2-py2.py3-none-any.whl", hash = "sha256:806143ae5bfb6a3c6e736a764057db0e6a0e05e338b5630894a5f779cabb4f9b"},
    {file = "toml-0.10.2.tar.gz", hash = "sha256:b3bda1d108d5dd99f4a20d24d9c348e91c4db7ab1b749200bded2f839ccbe68f"},
]
tox = [
    {file = "tox-3.14.3-py2.py3-none-any.whl", hash = "sha256:806d0a9217584558cc93747a945a9d9bff10b141a5287f0c8429a08828a22192"},
    {file = "tox-3.14.3.tar.gz", hash = "sha256:06ba73b149bf838d5cd25dc30c2dd2671ae5b2757cf98e5c41a35fe449f131b3"},
]
tox-pyenv = [
    {file = "tox-pyenv-1.1.0.tar.gz", hash = "sha256:916c2213577aec0b3b5452c5bfb32fd077f3a3196f50a81ad57d7ef3fc2599e4"},
    {file = "tox_pyenv-1.1.0-py2.py3-none-any.whl", hash = "sha256:e470c18af115fe52eeff95e7e3cdd0793613eca19709966fc2724b79d55246cb"},
]
urllib3 = [
    {file = "urllib3-1.25.3-py2.py3-none-any.whl", hash = "sha256:b246607a25ac80bedac05c6f282e3cdaf3afb65420fd024ac94435cabe6e18d1"},
    {file = "urllib3-1.25.3.tar.gz", hash = "sha256:dbe59173209418ae49d485b87d1681aefa36252ee85884c31346debd19463232"},
]
virtualenv = [
    {file = "virtualenv-20.16.2-py2.py3-none-any.whl", hash = "sha256:635b272a8e2f77cb051946f46c60a54ace3cb5e25568228bd6b57fc70eca9ff3"},
    {file = "virtualenv-20.16.2.tar.gz", hash = "sha256:0ef5be6d07181946891f5abc8047fda8bc2f0b4b9bf222c64e6e8963baee76db"},
]
websocket-client = [
    {file = "websocket_client-0.56.0-py2.py3-none-any.whl", hash = "sha256:1151d5fb3a62dc129164292e1227655e4bbc5dd5340a5165dfae61128ec50aa9"},
    {file = "websocket_client-0.56.0.tar.gz", hash = "sha256:1fd5520878b68b84b5748bb30e592b10d0a91529d5383f74f4964e72b297fd3a"},
]
zipp = [
    {file = "zipp-3.6.0-py3-none-any.whl", hash = "sha256:9fe5ea21568a0a70e50f273397638d39b03353731e6cbbb3fd8502a33fec40bc"},
    {file = "zipp-3.6.0.tar.gz", hash = "sha256:71c644c5369f4a6e07636f0aa966270449561fcea2e3d6747b8d23efaa9d7832"},
]
